
Microsoft Visual Studio Solution File, Format Version 12.00
# Visual Studio Version 17
VisualStudioVersion = 17.8.34511.84
MinimumVisualStudioVersion = 10.0.40219.1
Project("{9A19103F-16F7-4668-BE54-9A1E7A4F7556}") = "QuizGameEDU", "Educational Quiz Game\QuizGameEDU.csproj", "{6B117110-2837-458A-A4E8-B404C1F27A82}"
EndProject
Global
	GlobalSection(SolutionConfigurationPlatforms) = preSolution
		Debug|Any CPU = Debug|Any CPU
		Release|Any CPU = Release|Any CPU
	EndGlobalSection
	GlobalSection(ProjectConfigurationPlatforms) = postSolution
		{6B117110-2837-458A-A4E8-B404C1F27A82}.Debug|Any CPU.ActiveCfg = Debug|Any CPU
		{6B117110-2837-458A-A4E8-B404C1F27A82}.Debug|Any CPU.Build.0 = Debug|Any CPU
		{6B117110-2837-458A-A4E8-B404C1F27A82}.Release|Any CPU.ActiveCfg = Release|Any CPU
		{6B117110-2837-458A-A4E8-B404C1F27A82}.Release|Any CPU.Build.0 = Release|Any CPU
	EndGlobalSection
	GlobalSection(SolutionProperties) = preSolution
		HideSolutionNode = FALSE
	EndGlobalSection
	GlobalSection(ExtensibilityGlobals) = postSolution
		SolutionGuid = {ADE37802-223E-4717-8C67-D0549212565A}
	EndGlobalSection
EndGlobal
